// !$*UTF8*$!
{
	archiveVersion = 1;
	classes = {
	};
	objectVersion = 56;
	objects = {

/* Begin PBXBuildFile section */
		B50EAEC828EC704E0075F6E2 /* RefeicaoDAO.swift in Sources */ = {isa = PBXBuildFile; fileRef = B50EAEC728EC704E0075F6E2 /* RefeicaoDAO.swift */; };
		B50EAECA28EC732F0075F6E2 /* ItemDAO.swift in Sources */ = {isa = PBXBuildFile; fileRef = B50EAEC928EC732F0075F6E2 /* ItemDAO.swift */; };
		B51269E428D8E42F00F4AEFC /* AppDelegate.swift in Sources */ = {isa = PBXBuildFile; fileRef = B51269E328D8E42F00F4AEFC /* AppDelegate.swift */; };
		B51269E628D8E42F00F4AEFC /* SceneDelegate.swift in Sources */ = {isa = PBXBuildFile; fileRef = B51269E528D8E42F00F4AEFC /* SceneDelegate.swift */; };
		B51269E828D8E42F00F4AEFC /* ViewController.swift in Sources */ = {isa = PBXBuildFile; fileRef = B51269E728D8E42F00F4AEFC /* ViewController.swift */; };
		B51269EB28D8E42F00F4AEFC /* Main.storyboard in Resources */ = {isa = PBXBuildFile; fileRef = B51269E928D8E42F00F4AEFC /* Main.storyboard */; };
		B51269ED28D8E43000F4AEFC /* Assets.xcassets in Resources */ = {isa = PBXBuildFile; fileRef = B51269EC28D8E43000F4AEFC /* Assets.xcassets */; };
		B51269F028D8E43000F4AEFC /* LaunchScreen.storyboard in Resources */ = {isa = PBXBuildFile; fileRef = B51269EE28D8E43000F4AEFC /* LaunchScreen.storyboard */; };
		B51269FA28DA726500F4AEFC /* Refeicao.swift in Sources */ = {isa = PBXBuildFile; fileRef = B51269F928DA726500F4AEFC /* Refeicao.swift */; };
		B51269FC28DA796100F4AEFC /* Item.swift in Sources */ = {isa = PBXBuildFile; fileRef = B51269FB28DA796100F4AEFC /* Item.swift */; };
		B5126A0128E107C200F4AEFC /* RefeicoesTableViewController.swift in Sources */ = {isa = PBXBuildFile; fileRef = B5126A0028E107C100F4AEFC /* RefeicoesTableViewController.swift */; };
		B5C7ADEE28E26AC00025B752 /* AdicionarViewController.swift in Sources */ = {isa = PBXBuildFile; fileRef = B5C7ADEC28E26AC00025B752 /* AdicionarViewController.swift */; };
		B5C7ADEF28E26AC00025B752 /* AdicionarViewController.xib in Resources */ = {isa = PBXBuildFile; fileRef = B5C7ADED28E26AC00025B752 /* AdicionarViewController.xib */; };
		B5C7ADF128EA33B50025B752 /* Alerta.swift in Sources */ = {isa = PBXBuildFile; fileRef = B5C7ADF028EA33B50025B752 /* Alerta.swift */; };
		B5C7ADF328EA51800025B752 /* RemoveRefeicaoViewController.swift in Sources */ = {isa = PBXBuildFile; fileRef = B5C7ADF228EA51800025B752 /* RemoveRefeicaoViewController.swift */; };
/* End PBXBuildFile section */

/* Begin PBXFileReference section */
		B50EAEC728EC704E0075F6E2 /* RefeicaoDAO.swift */ = {isa = PBXFileReference; lastKnownFileType = sourcecode.swift; path = RefeicaoDAO.swift; sourceTree = "<group>"; };
		B50EAEC928EC732F0075F6E2 /* ItemDAO.swift */ = {isa = PBXFileReference; lastKnownFileType = sourcecode.swift; path = ItemDAO.swift; sourceTree = "<group>"; };
		B51269E028D8E42F00F4AEFC /* eggplant-brownie.app */ = {isa = PBXFileReference; explicitFileType = wrapper.application; includeInIndex = 0; path = "eggplant-brownie.app"; sourceTree = BUILT_PRODUCTS_DIR; };
		B51269E328D8E42F00F4AEFC /* AppDelegate.swift */ = {isa = PBXFileReference; lastKnownFileType = sourcecode.swift; path = AppDelegate.swift; sourceTree = "<group>"; };
		B51269E528D8E42F00F4AEFC /* SceneDelegate.swift */ = {isa = PBXFileReference; lastKnownFileType = sourcecode.swift; path = SceneDelegate.swift; sourceTree = "<group>"; };
		B51269E728D8E42F00F4AEFC /* ViewController.swift */ = {isa = PBXFileReference; lastKnownFileType = sourcecode.swift; path = ViewController.swift; sourceTree = "<group>"; };
		B51269EA28D8E42F00F4AEFC /* Base */ = {isa = PBXFileReference; lastKnownFileType = file.storyboard; name = Base; path = Base.lproj/Main.storyboard; sourceTree = "<group>"; };
		B51269EC28D8E43000F4AEFC /* Assets.xcassets */ = {isa = PBXFileReference; lastKnownFileType = folder.assetcatalog; path = Assets.xcassets; sourceTree = "<group>"; };
		B51269EF28D8E43000F4AEFC /* Base */ = {isa = PBXFileReference; lastKnownFileType = file.storyboard; name = Base; path = Base.lproj/LaunchScreen.storyboard; sourceTree = "<group>"; };
		B51269F128D8E43000F4AEFC /* Info.plist */ = {isa = PBXFileReference; lastKnownFileType = text.plist.xml; path = Info.plist; sourceTree = "<group>"; };
		B51269F828D9D29400F4AEFC /* MyPlayground.playground */ = {isa = PBXFileReference; lastKnownFileType = file.playground; path = MyPlayground.playground; sourceTree = "<group>"; xcLanguageSpecificationIdentifier = xcode.lang.swift; };
		B51269F928DA726500F4AEFC /* Refeicao.swift */ = {isa = PBXFileReference; lastKnownFileType = sourcecode.swift; path = Refeicao.swift; sourceTree = "<group>"; };
		B51269FB28DA796100F4AEFC /* Item.swift */ = {isa = PBXFileReference; lastKnownFileType = sourcecode.swift; path = Item.swift; sourceTree = "<group>"; };
		B5126A0028E107C100F4AEFC /* RefeicoesTableViewController.swift */ = {isa = PBXFileReference; lastKnownFileType = sourcecode.swift; path = RefeicoesTableViewController.swift; sourceTree = "<group>"; };
		B5C7ADEC28E26AC00025B752 /* AdicionarViewController.swift */ = {isa = PBXFileReference; lastKnownFileType = sourcecode.swift; path = AdicionarViewController.swift; sourceTree = "<group>"; };
		B5C7ADED28E26AC00025B752 /* AdicionarViewController.xib */ = {isa = PBXFileReference; lastKnownFileType = file.xib; path = AdicionarViewController.xib; sourceTree = "<group>"; };
		B5C7ADF028EA33B50025B752 /* Alerta.swift */ = {isa = PBXFileReference; lastKnownFileType = sourcecode.swift; path = Alerta.swift; sourceTree = "<group>"; };
		B5C7ADF228EA51800025B752 /* RemoveRefeicaoViewController.swift */ = {isa = PBXFileReference; lastKnownFileType = sourcecode.swift; path = RemoveRefeicaoViewController.swift; sourceTree = "<group>"; };
/* End PBXFileReference section */

/* Begin PBXFrameworksBuildPhase section */
		B51269DD28D8E42F00F4AEFC /* Frameworks */ = {
			isa = PBXFrameworksBuildPhase;
			buildActionMask = 2147483647;
			files = (
			);
			runOnlyForDeploymentPostprocessing = 0;
		};
/* End PBXFrameworksBuildPhase section */

/* Begin PBXGroup section */
		B51269D728D8E42F00F4AEFC = {
			isa = PBXGroup;
			children = (
				B51269E228D8E42F00F4AEFC /* eggplant-brownie */,
				B51269E128D8E42F00F4AEFC /* Products */,
			);
			sourceTree = "<group>";
		};
		B51269E128D8E42F00F4AEFC /* Products */ = {
			isa = PBXGroup;
			children = (
				B51269E028D8E42F00F4AEFC /* eggplant-brownie.app */,
			);
			name = Products;
			sourceTree = "<group>";
		};
		B51269E228D8E42F00F4AEFC /* eggplant-brownie */ = {
			isa = PBXGroup;
			children = (
				B51269FD28DA7A6A00F4AEFC /* Models */,
				B51269FF28DA7A9000F4AEFC /* Views */,
				B51269FE28DA7A7F00F4AEFC /* Controllers */,
				B51269E328D8E42F00F4AEFC /* AppDelegate.swift */,
				B51269E528D8E42F00F4AEFC /* SceneDelegate.swift */,
				B51269EC28D8E43000F4AEFC /* Assets.xcassets */,
				B51269EE28D8E43000F4AEFC /* LaunchScreen.storyboard */,
				B51269F128D8E43000F4AEFC /* Info.plist */,
				B51269F828D9D29400F4AEFC /* MyPlayground.playground */,
			);
			path = "eggplant-brownie";
			sourceTree = "<group>";
		};
		B51269FD28DA7A6A00F4AEFC /* Models */ = {
			isa = PBXGroup;
			children = (
				B51269F928DA726500F4AEFC /* Refeicao.swift */,
				B51269FB28DA796100F4AEFC /* Item.swift */,
				B5C7ADF028EA33B50025B752 /* Alerta.swift */,
				B50EAEC728EC704E0075F6E2 /* RefeicaoDAO.swift */,
				B50EAEC928EC732F0075F6E2 /* ItemDAO.swift */,
			);
			path = Models;
			sourceTree = "<group>";
		};
		B51269FE28DA7A7F00F4AEFC /* Controllers */ = {
			isa = PBXGroup;
			children = (
				B5C7ADEC28E26AC00025B752 /* AdicionarViewController.swift */,
				B51269E728D8E42F00F4AEFC /* ViewController.swift */,
				B5126A0028E107C100F4AEFC /* RefeicoesTableViewController.swift */,
				B5C7ADF228EA51800025B752 /* RemoveRefeicaoViewController.swift */,
			);
			path = Controllers;
			sourceTree = "<group>";
		};
		B51269FF28DA7A9000F4AEFC /* Views */ = {
			isa = PBXGroup;
			children = (
				B51269E928D8E42F00F4AEFC /* Main.storyboard */,
				B5C7ADED28E26AC00025B752 /* AdicionarViewController.xib */,
			);
			path = Views;
			sourceTree = "<group>";
		};
/* End PBXGroup section */

/* Begin PBXNativeTarget section */
		B51269DF28D8E42F00F4AEFC /* eggplant-brownie */ = {
			isa = PBXNativeTarget;
			buildConfigurationList = B51269F428D8E43000F4AEFC /* Build configuration list for PBXNativeTarget "eggplant-brownie" */;
			buildPhases = (
				B51269DC28D8E42F00F4AEFC /* Sources */,
				B51269DD28D8E42F00F4AEFC /* Frameworks */,
				B51269DE28D8E42F00F4AEFC /* Resources */,
			);
			buildRules = (
			);
			dependencies = (
			);
			name = "eggplant-brownie";
			productName = "eggplant-brownie";
			productReference = B51269E028D8E42F00F4AEFC /* eggplant-brownie.app */;
			productType = "com.apple.product-type.application";
		};
/* End PBXNativeTarget section */

/* Begin PBXProject section */
		B51269D828D8E42F00F4AEFC /* Project object */ = {
			isa = PBXProject;
			attributes = {
				BuildIndependentTargetsInParallel = 1;
				LastSwiftUpdateCheck = 1400;
				LastUpgradeCheck = 1400;
				TargetAttributes = {
					B51269DF28D8E42F00F4AEFC = {
						CreatedOnToolsVersion = 14.0;
					};
				};
			};
			buildConfigurationList = B51269DB28D8E42F00F4AEFC /* Build configuration list for PBXProject "eggplant-brownie" */;
			compatibilityVersion = "Xcode 14.0";
			developmentRegion = en;
			hasScannedForEncodings = 0;
			knownRegions = (
				en,
				Base,
			);
			mainGroup = B51269D728D8E42F00F4AEFC;
			productRefGroup = B51269E128D8E42F00F4AEFC /* Products */;
			projectDirPath = "";
			projectRoot = "";
			targets = (
				B51269DF28D8E42F00F4AEFC /* eggplant-brownie */,
			);
		};
/* End PBXProject section */

/* Begin PBXResourcesBuildPhase section */
		B51269DE28D8E42F00F4AEFC /* Resources */ = {
			isa = PBXResourcesBuildPhase;
			buildActionMask = 2147483647;
			files = (
				B51269F028D8E43000F4AEFC /* LaunchScreen.storyboard in Resources */,
				B5C7ADEF28E26AC00025B752 /* AdicionarViewController.xib in Resources */,
				B51269ED28D8E43000F4AEFC /* Assets.xcassets in Resources */,
				B51269EB28D8E42F00F4AEFC /* Main.storyboard in Resources */,
			);
			runOnlyForDeploymentPostprocessing = 0;
		};
/* End PBXResourcesBuildPhase section */

/* Begin PBXSourcesBuildPhase section */
		B51269DC28D8E42F00F4AEFC /* Sources */ = {
			isa = PBXSourcesBuildPhase;
			buildActionMask = 2147483647;
			files = (
				B5C7ADF128EA33B50025B752 /* Alerta.swift in Sources */,
				B51269FC28DA796100F4AEFC /* Item.swift in Sources */,
				B50EAECA28EC732F0075F6E2 /* ItemDAO.swift in Sources */,
				B51269E828D8E42F00F4AEFC /* ViewController.swift in Sources */,
				B5C7ADF328EA51800025B752 /* RemoveRefeicaoViewController.swift in Sources */,
				B50EAEC828EC704E0075F6E2 /* RefeicaoDAO.swift in Sources */,
				B51269E428D8E42F00F4AEFC /* AppDelegate.swift in Sources */,
				B5126A0128E107C200F4AEFC /* RefeicoesTableViewController.swift in Sources */,
				B5C7ADEE28E26AC00025B752 /* AdicionarViewController.swift in Sources */,
				B51269E628D8E42F00F4AEFC /* SceneDelegate.swift in Sources */,
				B51269FA28DA726500F4AEFC /* Refeicao.swift in Sources */,
			);
			runOnlyForDeploymentPostprocessing = 0;
		};
/* End PBXSourcesBuildPhase section */

/* Begin PBXVariantGroup section */
		B51269E928D8E42F00F4AEFC /* Main.storyboard */ = {
			isa = PBXVariantGroup;
			children = (
				B51269EA28D8E42F00F4AEFC /* Base */,
			);
			name = Main.storyboard;
			sourceTree = "<group>";
		};
		B51269EE28D8E43000F4AEFC /* LaunchScreen.storyboard */ = {
			isa = PBXVariantGroup;
			children = (
				B51269EF28D8E43000F4AEFC /* Base */,
			);
			name = LaunchScreen.storyboard;
			sourceTree = "<group>";
		};
/* End PBXVariantGroup section */

/* Begin XCBuildConfiguration section */
		B51269F228D8E43000F4AEFC /* Debug */ = {
			isa = XCBuildConfiguration;
			buildSettings = {
				ALWAYS_SEARCH_USER_PATHS = NO;
				CLANG_ANALYZER_NONNULL = YES;
				CLANG_ANALYZER_NUMBER_OBJECT_CONVERSION = YES_AGGRESSIVE;
				CLANG_CXX_LANGUAGE_STANDARD = "gnu++20";
				CLANG_ENABLE_MODULES = YES;
				CLANG_ENABLE_OBJC_ARC = YES;
				CLANG_ENABLE_OBJC_WEAK = YES;
				CLANG_WARN_BLOCK_CAPTURE_AUTORELEASING = YES;
				CLANG_WARN_BOOL_CONVERSION = YES;
				CLANG_WARN_COMMA = YES;
				CLANG_WARN_CONSTANT_CONVERSION = YES;
				CLANG_WARN_DEPRECATED_OBJC_IMPLEMENTATIONS = YES;
				CLANG_WARN_DIRECT_OBJC_ISA_USAGE = YES_ERROR;
				CLANG_WARN_DOCUMENTATION_COMMENTS = YES;
				CLANG_WARN_EMPTY_BODY = YES;
				CLANG_WARN_ENUM_CONVERSION = YES;
				CLANG_WARN_INFINITE_RECURSION = YES;
				CLANG_WARN_INT_CONVERSION = YES;
				CLANG_WARN_NON_LITERAL_NULL_CONVERSION = YES;
				CLANG_WARN_OBJC_IMPLICIT_RETAIN_SELF = YES;
				CLANG_WARN_OBJC_LITERAL_CONVERSION = YES;
				CLANG_WARN_OBJC_ROOT_CLASS = YES_ERROR;
				CLANG_WARN_QUOTED_INCLUDE_IN_FRAMEWORK_HEADER = YES;
				CLANG_WARN_RANGE_LOOP_ANALYSIS = YES;
				CLANG_WARN_STRICT_PROTOTYPES = YES;
				CLANG_WARN_SUSPICIOUS_MOVE = YES;
				CLANG_WARN_UNGUARDED_AVAILABILITY = YES_AGGRESSIVE;
				CLANG_WARN_UNREACHABLE_CODE = YES;
				CLANG_WARN__DUPLICATE_METHOD_MATCH = YES;
				COPY_PHASE_STRIP = NO;
				DEBUG_INFORMATION_FORMAT = dwarf;
				ENABLE_STRICT_OBJC_MSGSEND = YES;
				ENABLE_TESTABILITY = YES;
				GCC_C_LANGUAGE_STANDARD = gnu11;
				GCC_DYNAMIC_NO_PIC = NO;
				GCC_NO_COMMON_BLOCKS = YES;
				GCC_OPTIMIZATION_LEVEL = 0;
				GCC_PREPROCESSOR_DEFINITIONS = (
					"DEBUG=1",
					"$(inherited)",
				);
				GCC_WARN_64_TO_32_BIT_CONVERSION = YES;
				GCC_WARN_ABOUT_RETURN_TYPE = YES_ERROR;
				GCC_WARN_UNDECLARED_SELECTOR = YES;
				GCC_WARN_UNINITIALIZED_AUTOS = YES_AGGRESSIVE;
				GCC_WARN_UNUSED_FUNCTION = YES;
				GCC_WARN_UNUSED_VARIABLE = YES;
				IPHONEOS_DEPLOYMENT_TARGET = 16.0;
				MTL_ENABLE_DEBUG_INFO = INCLUDE_SOURCE;
				MTL_FAST_MATH = YES;
				ONLY_ACTIVE_ARCH = YES;
				SDKROOT = iphoneos;
				SWIFT_ACTIVE_COMPILATION_CONDITIONS = DEBUG;
				SWIFT_OPTIMIZATION_LEVEL = "-Onone";
			};
			name = Debug;
		};
		B51269F328D8E43000F4AEFC /* Release */ = {
			isa = XCBuildConfiguration;
			buildSettings = {
				ALWAYS_SEARCH_USER_PATHS = NO;
				CLANG_ANALYZER_NONNULL = YES;
				CLANG_ANALYZER_NUMBER_OBJECT_CONVERSION = YES_AGGRESSIVE;
				CLANG_CXX_LANGUAGE_STANDARD = "gnu++20";
				CLANG_ENABLE_MODULES = YES;
				CLANG_ENABLE_OBJC_ARC = YES;
				CLANG_ENABLE_OBJC_WEAK = YES;
				CLANG_WARN_BLOCK_CAPTURE_AUTORELEASING = YES;
				CLANG_WARN_BOOL_CONVERSION = YES;
				CLANG_WARN_COMMA = YES;
				CLANG_WARN_CONSTANT_CONVERSION = YES;
				CLANG_WARN_DEPRECATED_OBJC_IMPLEMENTATIONS = YES;
				CLANG_WARN_DIRECT_OBJC_ISA_USAGE = YES_ERROR;
				CLANG_WARN_DOCUMENTATION_COMMENTS = YES;
				CLANG_WARN_EMPTY_BODY = YES;
				CLANG_WARN_ENUM_CONVERSION = YES;
				CLANG_WARN_INFINITE_RECURSION = YES;
				CLANG_WARN_INT_CONVERSION = YES;
				CLANG_WARN_NON_LITERAL_NULL_CONVERSION = YES;
				CLANG_WARN_OBJC_IMPLICIT_RETAIN_SELF = YES;
				CLANG_WARN_OBJC_LITERAL_CONVERSION = YES;
				CLANG_WARN_OBJC_ROOT_CLASS = YES_ERROR;
				CLANG_WARN_QUOTED_INCLUDE_IN_FRAMEWORK_HEADER = YES;
				CLANG_WARN_RANGE_LOOP_ANALYSIS = YES;
				CLANG_WARN_STRICT_PROTOTYPES = YES;
				CLANG_WARN_SUSPICIOUS_MOVE = YES;
				CLANG_WARN_UNGUARDED_AVAILABILITY = YES_AGGRESSIVE;
				CLANG_WARN_UNREACHABLE_CODE = YES;
				CLANG_WARN__DUPLICATE_METHOD_MATCH = YES;
				COPY_PHASE_STRIP = NO;
				DEBUG_INFORMATION_FORMAT = "dwarf-with-dsym";
				ENABLE_NS_ASSERTIONS = NO;
				ENABLE_STRICT_OBJC_MSGSEND = YES;
				GCC_C_LANGUAGE_STANDARD = gnu11;
				GCC_NO_COMMON_BLOCKS = YES;
				GCC_WARN_64_TO_32_BIT_CONVERSION = YES;
				GCC_WARN_ABOUT_RETURN_TYPE = YES_ERROR;
				GCC_WARN_UNDECLARED_SELECTOR = YES;
				GCC_WARN_UNINITIALIZED_AUTOS = YES_AGGRESSIVE;
				GCC_WARN_UNUSED_FUNCTION = YES;
				GCC_WARN_UNUSED_VARIABLE = YES;
				IPHONEOS_DEPLOYMENT_TARGET = 16.0;
				MTL_ENABLE_DEBUG_INFO = NO;
				MTL_FAST_MATH = YES;
				SDKROOT = iphoneos;
				SWIFT_COMPILATION_MODE = wholemodule;
				SWIFT_OPTIMIZATION_LEVEL = "-O";
				VALIDATE_PRODUCT = YES;
			};
			name = Release;
		};
		B51269F528D8E43000F4AEFC /* Debug */ = {
			isa = XCBuildConfiguration;
			buildSettings = {
				ASSETCATALOG_COMPILER_APPICON_NAME = AppIcon;
				ASSETCATALOG_COMPILER_GLOBAL_ACCENT_COLOR_NAME = AccentColor;
				CODE_SIGN_STYLE = Automatic;
				CURRENT_PROJECT_VERSION = 1;
				DEVELOPMENT_TEAM = PPT72C28PD;
				GENERATE_INFOPLIST_FILE = YES;
				INFOPLIST_FILE = "eggplant-brownie/Info.plist";
				INFOPLIST_KEY_UIApplicationSupportsIndirectInputEvents = YES;
				INFOPLIST_KEY_UILaunchStoryboardName = LaunchScreen;
				INFOPLIST_KEY_UIMainStoryboardFile = Main;
				INFOPLIST_KEY_UISupportedInterfaceOrientations_iPad = "UIInterfaceOrientationPortrait UIInterfaceOrientationPortraitUpsideDown UIInterfaceOrientationLandscapeLeft UIInterfaceOrientationLandscapeRight";
				INFOPLIST_KEY_UISupportedInterfaceOrientations_iPhone = "UIInterfaceOrientationPortrait UIInterfaceOrientationLandscapeLeft UIInterfaceOrientationLandscapeRight";
				LD_RUNPATH_SEARCH_PATHS = (
					"$(inherited)",
					"@executable_path/Frameworks",
				);
				MARKETING_VERSION = 1.0;
				PRODUCT_BUNDLE_IDENTIFIER = "eduardo-luz.eu.eggplant-brownie";
				PRODUCT_NAME = "$(TARGET_NAME)";
				SWIFT_EMIT_LOC_STRINGS = YES;
				SWIFT_VERSION = 5.0;
				TARGETED_DEVICE_FAMILY = "1,2";
			};
			name = Debug;
		};
		B51269F628D8E43000F4AEFC /* Release */ = {
			isa = XCBuildConfiguration;
			buildSettings = {
				ASSETCATALOG_COMPILER_APPICON_NAME = AppIcon;
				ASSETCATALOG_COMPILER_GLOBAL_ACCENT_COLOR_NAME = AccentColor;
				CODE_SIGN_STYLE = Automatic;
				CURRENT_PROJECT_VERSION = 1;
				DEVELOPMENT_TEAM = PPT72C28PD;
				GENERATE_INFOPLIST_FILE = YES;
				INFOPLIST_FILE = "eggplant-brownie/Info.plist";
				INFOPLIST_KEY_UIApplicationSupportsIndirectInputEvents = YES;
				INFOPLIST_KEY_UILaunchStoryboardName = LaunchScreen;
				INFOPLIST_KEY_UIMainStoryboardFile = Main;
				INFOPLIST_KEY_UISupportedInterfaceOrientations_iPad = "UIInterfaceOrientationPortrait UIInterfaceOrientationPortraitUpsideDown UIInterfaceOrientationLandscapeLeft UIInterfaceOrientationLandscapeRight";
				INFOPLIST_KEY_UISupportedInterfaceOrientations_iPhone = "UIInterfaceOrientationPortrait UIInterfaceOrientationLandscapeLeft UIInterfaceOrientationLandscapeRight";
				LD_RUNPATH_SEARCH_PATHS = (
					"$(inherited)",
					"@executable_path/Frameworks",
				);
				MARKETING_VERSION = 1.0;
				PRODUCT_BUNDLE_IDENTIFIER = "eduardo-luz.eu.eggplant-brownie";
				PRODUCT_NAME = "$(TARGET_NAME)";
				SWIFT_EMIT_LOC_STRINGS = YES;
				SWIFT_VERSION = 5.0;
				TARGETED_DEVICE_FAMILY = "1,2";
			};
			name = Release;
		};
/* End XCBuildConfiguration section */

/* Begin XCConfigurationList section */
		B51269DB28D8E42F00F4AEFC /* Build configuration list for PBXProject "eggplant-brownie" */ = {
			isa = XCConfigurationList;
			buildConfigurations = (
				B51269F228D8E43000F4AEFC /* Debug */,
				B51269F328D8E43000F4AEFC /* Release */,
			);
			defaultConfigurationIsVisible = 0;
			defaultConfigurationName = Release;
		};
		B51269F428D8E43000F4AEFC /* Build configuration list for PBXNativeTarget "eggplant-brownie" */ = {
			isa = XCConfigurationList;
			buildConfigurations = (
				B51269F528D8E43000F4AEFC /* Debug */,
				B51269F628D8E43000F4AEFC /* Release */,
			);
			defaultConfigurationIsVisible = 0;
			defaultConfigurationName = Release;
		};
/* End XCConfigurationList section */
	};
	rootObject = B51269D828D8E42F00F4AEFC /* Project object */;
}
